
Microsoft Visual Studio Solution File, Format Version 12.00
# Visual Studio Version 17
VisualStudioVersion = 17.3.32901.215
MinimumVisualStudioVersion = 10.0.40219.1
Project("{FAE04EC0-301F-11D3-BF4B-00C04F79EFBC}") = "association_gestion", "association_gestion\association_gestion.csproj", "{156D2E99-B497-42D2-B7EF-7B68C811456D}"
EndProject
Global
	GlobalSection(SolutionConfigurationPlatforms) = preSolution
		Debug|Any CPU = Debug|Any CPU
		Release|Any CPU = Release|Any CPU
	EndGlobalSection
	GlobalSection(ProjectConfigurationPlatforms) = postSolution
		{156D2E99-B497-42D2-B7EF-7B68C811456D}.Debug|Any CPU.ActiveCfg = Debug|Any CPU
		{156D2E99-B497-42D2-B7EF-7B68C811456D}.Debug|Any CPU.Build.0 = Debug|Any CPU
		{156D2E99-B497-42D2-B7EF-7B68C811456D}.Release|Any CPU.ActiveCfg = Release|Any CPU
		{156D2E99-B497-42D2-B7EF-7B68C811456D}.Release|Any CPU.Build.0 = Release|Any CPU
	EndGlobalSection
	GlobalSection(SolutionProperties) = preSolution
		HideSolutionNode = FALSE
	EndGlobalSection
	GlobalSection(ExtensibilityGlobals) = postSolution
		SolutionGuid = {E0181614-0581-4FF7-A4B0-FFDE68EE7846}
	EndGlobalSection
EndGlobal
